
Microsoft Visual Studio Solution File, Format Version 12.00
# Visual Studio Version 17
VisualStudioVersion = 17.5.33530.505
MinimumVisualStudioVersion = 10.0.40219.1
Project("{FAE04EC0-301F-11D3-BF4B-00C04F79EFBC}") = "RepositoryPattern", "RepositoryPattern\RepositoryPattern.csproj", "{1616D358-3403-4D46-9F53-0FFB651D9533}"
EndProject
Project("{FAE04EC0-301F-11D3-BF4B-00C04F79EFBC}") = "RepositoryPattern.Core", "RepositoryPattern.Core\RepositoryPattern.Core.csproj", "{EA0D5DF6-BE94-49DE-9CEA-22027C2C10D8}"
EndProject
Project("{FAE04EC0-301F-11D3-BF4B-00C04F79EFBC}") = "RepositoryPattern.EF", "RepositoryPattern.EF\RepositoryPattern.EF.csproj", "{561CFB9A-9E83-49CB-8017-2198D849918D}"
EndProject
Global
	GlobalSection(SolutionConfigurationPlatforms) = preSolution
		Debug|Any CPU = Debug|Any CPU
		Release|Any CPU = Release|Any CPU
	EndGlobalSection
	GlobalSection(ProjectConfigurationPlatforms) = postSolution
		{1616D358-3403-4D46-9F53-0FFB651D9533}.Debug|Any CPU.ActiveCfg = Debug|Any CPU
		{1616D358-3403-4D46-9F53-0FFB651D9533}.Debug|Any CPU.Build.0 = Debug|Any CPU
		{1616D358-3403-4D46-9F53-0FFB651D9533}.Release|Any CPU.ActiveCfg = Release|Any CPU
		{1616D358-3403-4D46-9F53-0FFB651D9533}.Release|Any CPU.Build.0 = Release|Any CPU
		{EA0D5DF6-BE94-49DE-9CEA-22027C2C10D8}.Debug|Any CPU.ActiveCfg = Debug|Any CPU
		{EA0D5DF6-BE94-49DE-9CEA-22027C2C10D8}.Debug|Any CPU.Build.0 = Debug|Any CPU
		{EA0D5DF6-BE94-49DE-9CEA-22027C2C10D8}.Release|Any CPU.ActiveCfg = Release|Any CPU
		{EA0D5DF6-BE94-49DE-9CEA-22027C2C10D8}.Release|Any CPU.Build.0 = Release|Any CPU
		{561CFB9A-9E83-49CB-8017-2198D849918D}.Debug|Any CPU.ActiveCfg = Debug|Any CPU
		{561CFB9A-9E83-49CB-8017-2198D849918D}.Debug|Any CPU.Build.0 = Debug|Any CPU
		{561CFB9A-9E83-49CB-8017-2198D849918D}.Release|Any CPU.ActiveCfg = Release|Any CPU
		{561CFB9A-9E83-49CB-8017-2198D849918D}.Release|Any CPU.Build.0 = Release|Any CPU
	EndGlobalSection
	GlobalSection(SolutionProperties) = preSolution
		HideSolutionNode = FALSE
	EndGlobalSection
	GlobalSection(ExtensibilityGlobals) = postSolution
		SolutionGuid = {CAF46700-EBC7-4F74-8910-EF76A45213BE}
	EndGlobalSection
EndGlobal
